// !$*UTF8*$!
{
	archiveVersion = 1;
	classes = {
	};
	objectVersion = 50;
	objects = {

/* Begin PBXBuildFile section */
		BFC5DD782739E29300A0C36F /* AppDelegate.swift in Sources */ = {isa = PBXBuildFile; fileRef = BFC5DD772739E29300A0C36F /* AppDelegate.swift */; };
		BFC5DD7A2739E29300A0C36F /* ViewController.swift in Sources */ = {isa = PBXBuildFile; fileRef = BFC5DD792739E29300A0C36F /* ViewController.swift */; };
		BFC5DD7C2739E29300A0C36F /* Experience.rcproject in Sources */ = {isa = PBXBuildFile; fileRef = BFC5DD7B2739E29300A0C36F /* Experience.rcproject */; };
		BFC5DD7F2739E29300A0C36F /* Main.storyboard in Resources */ = {isa = PBXBuildFile; fileRef = BFC5DD7D2739E29300A0C36F /* Main.storyboard */; };
		BFC5DD812739E29500A0C36F /* Assets.xcassets in Resources */ = {isa = PBXBuildFile; fileRef = BFC5DD802739E29500A0C36F /* Assets.xcassets */; };
		BFC5DD842739E29500A0C36F /* LaunchScreen.storyboard in Resources */ = {isa = PBXBuildFile; fileRef = BFC5DD822739E29500A0C36F /* LaunchScreen.storyboard */; };
		BFC5DD8F2739E29600A0C36F /* BasicARAppTests.swift in Sources */ = {isa = PBXBuildFile; fileRef = BFC5DD8E2739E29600A0C36F /* BasicARAppTests.swift */; };
		BFC5DD9A2739E29600A0C36F /* BasicARAppUITests.swift in Sources */ = {isa = PBXBuildFile; fileRef = BFC5DD992739E29600A0C36F /* BasicARAppUITests.swift */; };
/* End PBXBuildFile section */

/* Begin PBXContainerItemProxy section */
		BFC5DD8B2739E29600A0C36F /* PBXContainerItemProxy */ = {
			isa = PBXContainerItemProxy;
			containerPortal = BFC5DD6C2739E29200A0C36F /* Project object */;
			proxyType = 1;
			remoteGlobalIDString = BFC5DD732739E29200A0C36F;
			remoteInfo = BasicARApp;
		};
		BFC5DD962739E29600A0C36F /* PBXContainerItemProxy */ = {
			isa = PBXContainerItemProxy;
			containerPortal = BFC5DD6C2739E29200A0C36F /* Project object */;
			proxyType = 1;
			remoteGlobalIDString = BFC5DD732739E29200A0C36F;
			remoteInfo = BasicARApp;
		};
/* End PBXContainerItemProxy section */

/* Begin PBXFileReference section */
		BFC5DD742739E29300A0C36F /* BasicARApp.app */ = {isa = PBXFileReference; explicitFileType = wrapper.application; includeInIndex = 0; path = BasicARApp.app; sourceTree = BUILT_PRODUCTS_DIR; };
		BFC5DD772739E29300A0C36F /* AppDelegate.swift */ = {isa = PBXFileReference; lastKnownFileType = sourcecode.swift; path = AppDelegate.swift; sourceTree = "<group>"; };
		BFC5DD792739E29300A0C36F /* ViewController.swift */ = {isa = PBXFileReference; lastKnownFileType = sourcecode.swift; path = ViewController.swift; sourceTree = "<group>"; };
		BFC5DD7B2739E29300A0C36F /* Experience.rcproject */ = {isa = PBXFileReference; lastKnownFileType = file.rcproject; path = Experience.rcproject; sourceTree = "<group>"; };
		BFC5DD7E2739E29300A0C36F /* Base */ = {isa = PBXFileReference; lastKnownFileType = file.storyboard; name = Base; path = Base.lproj/Main.storyboard; sourceTree = "<group>"; };
		BFC5DD802739E29500A0C36F /* Assets.xcassets */ = {isa = PBXFileReference; lastKnownFileType = folder.assetcatalog; path = Assets.xcassets; sourceTree = "<group>"; };
		BFC5DD832739E29500A0C36F /* Base */ = {isa = PBXFileReference; lastKnownFileType = file.storyboard; name = Base; path = Base.lproj/LaunchScreen.storyboard; sourceTree = "<group>"; };
		BFC5DD852739E29500A0C36F /* Info.plist */ = {isa = PBXFileReference; lastKnownFileType = text.plist.xml; path = Info.plist; sourceTree = "<group>"; };
		BFC5DD8A2739E29600A0C36F /* BasicARAppTests.xctest */ = {isa = PBXFileReference; explicitFileType = wrapper.cfbundle; includeInIndex = 0; path = BasicARAppTests.xctest; sourceTree = BUILT_PRODUCTS_DIR; };
		BFC5DD8E2739E29600A0C36F /* BasicARAppTests.swift */ = {isa = PBXFileReference; lastKnownFileType = sourcecode.swift; path = BasicARAppTests.swift; sourceTree = "<group>"; };
		BFC5DD902739E29600A0C36F /* Info.plist */ = {isa = PBXFileReference; lastKnownFileType = text.plist.xml; path = Info.plist; sourceTree = "<group>"; };
		BFC5DD952739E29600A0C36F /* BasicARAppUITests.xctest */ = {isa = PBXFileReference; explicitFileType = wrapper.cfbundle; includeInIndex = 0; path = BasicARAppUITests.xctest; sourceTree = BUILT_PRODUCTS_DIR; };
		BFC5DD992739E29600A0C36F /* BasicARAppUITests.swift */ = {isa = PBXFileReference; lastKnownFileType = sourcecode.swift; path = BasicARAppUITests.swift; sourceTree = "<group>"; };
		BFC5DD9B2739E29600A0C36F /* Info.plist */ = {isa = PBXFileReference; lastKnownFileType = text.plist.xml; path = Info.plist; sourceTree = "<group>"; };
/* End PBXFileReference section */

/* Begin PBXFrameworksBuildPhase section */
		BFC5DD712739E29200A0C36F /* Frameworks */ = {
			isa = PBXFrameworksBuildPhase;
			buildActionMask = 2147483647;
			files = (
			);
			runOnlyForDeploymentPostprocessing = 0;
		};
		BFC5DD872739E29600A0C36F /* Frameworks */ = {
			isa = PBXFrameworksBuildPhase;
			buildActionMask = 2147483647;
			files = (
			);
			runOnlyForDeploymentPostprocessing = 0;
		};
		BFC5DD922739E29600A0C36F /* Frameworks */ = {
			isa = PBXFrameworksBuildPhase;
			buildActionMask = 2147483647;
			files = (
			);
			runOnlyForDeploymentPostprocessing = 0;
		};
/* End PBXFrameworksBuildPhase section */

/* Begin PBXGroup section */
		BFC5DD6B2739E29200A0C36F = {
			isa = PBXGroup;
			children = (
				BFC5DD762739E29300A0C36F /* BasicARApp */,
				BFC5DD8D2739E29600A0C36F /* BasicARAppTests */,
				BFC5DD982739E29600A0C36F /* BasicARAppUITests */,
				BFC5DD752739E29300A0C36F /* Products */,
			);
			sourceTree = "<group>";
		};
		BFC5DD752739E29300A0C36F /* Products */ = {
			isa = PBXGroup;
			children = (
				BFC5DD742739E29300A0C36F /* BasicARApp.app */,
				BFC5DD8A2739E29600A0C36F /* BasicARAppTests.xctest */,
				BFC5DD952739E29600A0C36F /* BasicARAppUITests.xctest */,
			);
			name = Products;
			sourceTree = "<group>";
		};
		BFC5DD762739E29300A0C36F /* BasicARApp */ = {
			isa = PBXGroup;
			children = (
				BFC5DD772739E29300A0C36F /* AppDelegate.swift */,
				BFC5DD792739E29300A0C36F /* ViewController.swift */,
				BFC5DD7B2739E29300A0C36F /* Experience.rcproject */,
				BFC5DD7D2739E29300A0C36F /* Main.storyboard */,
				BFC5DD802739E29500A0C36F /* Assets.xcassets */,
				BFC5DD822739E29500A0C36F /* LaunchScreen.storyboard */,
				BFC5DD852739E29500A0C36F /* Info.plist */,
			);
			path = BasicARApp;
			sourceTree = "<group>";
		};
		BFC5DD8D2739E29600A0C36F /* BasicARAppTests */ = {
			isa = PBXGroup;
			children = (
				BFC5DD8E2739E29600A0C36F /* BasicARAppTests.swift */,
				BFC5DD902739E29600A0C36F /* Info.plist */,
			);
			path = BasicARAppTests;
			sourceTree = "<group>";
		};
		BFC5DD982739E29600A0C36F /* BasicARAppUITests */ = {
			isa = PBXGroup;
			children = (
				BFC5DD992739E29600A0C36F /* BasicARAppUITests.swift */,
				BFC5DD9B2739E29600A0C36F /* Info.plist */,
			);
			path = BasicARAppUITests;
			sourceTree = "<group>";
		};
/* End PBXGroup section */

/* Begin PBXNativeTarget section */
		BFC5DD732739E29200A0C36F /* BasicARApp */ = {
			isa = PBXNativeTarget;
			buildConfigurationList = BFC5DD9E2739E29600A0C36F /* Build configuration list for PBXNativeTarget "BasicARApp" */;
			buildPhases = (
				BFC5DD702739E29200A0C36F /* Sources */,
				BFC5DD712739E29200A0C36F /* Frameworks */,
				BFC5DD722739E29200A0C36F /* Resources */,
			);
			buildRules = (
			);
			dependencies = (
			);
			name = BasicARApp;
			productName = BasicARApp;
			productReference = BFC5DD742739E29300A0C36F /* BasicARApp.app */;
			productType = "com.apple.product-type.application";
		};
		BFC5DD892739E29600A0C36F /* BasicARAppTests */ = {
			isa = PBXNativeTarget;
			buildConfigurationList = BFC5DDA12739E29600A0C36F /* Build configuration list for PBXNativeTarget "BasicARAppTests" */;
			buildPhases = (
				BFC5DD862739E29600A0C36F /* Sources */,
				BFC5DD872739E29600A0C36F /* Frameworks */,
				BFC5DD882739E29600A0C36F /* Resources */,
			);
			buildRules = (
			);
			dependencies = (
				BFC5DD8C2739E29600A0C36F /* PBXTargetDependency */,
			);
			name = BasicARAppTests;
			productName = BasicARAppTests;
			productReference = BFC5DD8A2739E29600A0C36F /* BasicARAppTests.xctest */;
			productType = "com.apple.product-type.bundle.unit-test";
		};
		BFC5DD942739E29600A0C36F /* BasicARAppUITests */ = {
			isa = PBXNativeTarget;
			buildConfigurationList = BFC5DDA42739E29600A0C36F /* Build configuration list for PBXNativeTarget "BasicARAppUITests" */;
			buildPhases = (
				BFC5DD912739E29600A0C36F /* Sources */,
				BFC5DD922739E29600A0C36F /* Frameworks */,
				BFC5DD932739E29600A0C36F /* Resources */,
			);
			buildRules = (
			);
			dependencies = (
				BFC5DD972739E29600A0C36F /* PBXTargetDependency */,
			);
			name = BasicARAppUITests;
			productName = BasicARAppUITests;
			productReference = BFC5DD952739E29600A0C36F /* BasicARAppUITests.xctest */;
			productType = "com.apple.product-type.bundle.ui-testing";
		};
/* End PBXNativeTarget section */

/* Begin PBXProject section */
		BFC5DD6C2739E29200A0C36F /* Project object */ = {
			isa = PBXProject;
			attributes = {
				LastSwiftUpdateCheck = 1250;
				LastUpgradeCheck = 1250;
				TargetAttributes = {
					BFC5DD732739E29200A0C36F = {
						CreatedOnToolsVersion = 12.5;
					};
					BFC5DD892739E29600A0C36F = {
						CreatedOnToolsVersion = 12.5;
						TestTargetID = BFC5DD732739E29200A0C36F;
					};
					BFC5DD942739E29600A0C36F = {
						CreatedOnToolsVersion = 12.5;
						TestTargetID = BFC5DD732739E29200A0C36F;
					};
				};
			};
			buildConfigurationList = BFC5DD6F2739E29200A0C36F /* Build configuration list for PBXProject "BasicARApp" */;
			compatibilityVersion = "Xcode 9.3";
			developmentRegion = en;
			hasScannedForEncodings = 0;
			knownRegions = (
				en,
				Base,
			);
			mainGroup = BFC5DD6B2739E29200A0C36F;
			productRefGroup = BFC5DD752739E29300A0C36F /* Products */;
			projectDirPath = "";
			projectRoot = "";
			targets = (
				BFC5DD732739E29200A0C36F /* BasicARApp */,
				BFC5DD892739E29600A0C36F /* BasicARAppTests */,
				BFC5DD942739E29600A0C36F /* BasicARAppUITests */,
			);
		};
/* End PBXProject section */

/* Begin PBXResourcesBuildPhase section */
		BFC5DD722739E29200A0C36F /* Resources */ = {
			isa = PBXResourcesBuildPhase;
			buildActionMask = 2147483647;
			files = (
				BFC5DD842739E29500A0C36F /* LaunchScreen.storyboard in Resources */,
				BFC5DD812739E29500A0C36F /* Assets.xcassets in Resources */,
				BFC5DD7F2739E29300A0C36F /* Main.storyboard in Resources */,
			);
			runOnlyForDeploymentPostprocessing = 0;
		};
		BFC5DD882739E29600A0C36F /* Resources */ = {
			isa = PBXResourcesBuildPhase;
			buildActionMask = 2147483647;
			files = (
			);
			runOnlyForDeploymentPostprocessing = 0;
		};
		BFC5DD932739E29600A0C36F /* Resources */ = {
			isa = PBXResourcesBuildPhase;
			buildActionMask = 2147483647;
			files = (
			);
			runOnlyForDeploymentPostprocessing = 0;
		};
/* End PBXResourcesBuildPhase section */

/* Begin PBXSourcesBuildPhase section */
		BFC5DD702739E29200A0C36F /* Sources */ = {
			isa = PBXSourcesBuildPhase;
			buildActionMask = 2147483647;
			files = (
				BFC5DD7A2739E29300A0C36F /* ViewController.swift in Sources */,
				BFC5DD782739E29300A0C36F /* AppDelegate.swift in Sources */,
				BFC5DD7C2739E29300A0C36F /* Experience.rcproject in Sources */,
			);
			runOnlyForDeploymentPostprocessing = 0;
		};
		BFC5DD862739E29600A0C36F /* Sources */ = {
			isa = PBXSourcesBuildPhase;
			buildActionMask = 2147483647;
			files = (
				BFC5DD8F2739E29600A0C36F /* BasicARAppTests.swift in Sources */,
			);
			runOnlyForDeploymentPostprocessing = 0;
		};
		BFC5DD912739E29600A0C36F /* Sources */ = {
			isa = PBXSourcesBuildPhase;
			buildActionMask = 2147483647;
			files = (
				BFC5DD9A2739E29600A0C36F /* BasicARAppUITests.swift in Sources */,
			);
			runOnlyForDeploymentPostprocessing = 0;
		};
/* End PBXSourcesBuildPhase section */

/* Begin PBXTargetDependency section */
		BFC5DD8C2739E29600A0C36F /* PBXTargetDependency */ = {
			isa = PBXTargetDependency;
			target = BFC5DD732739E29200A0C36F /* BasicARApp */;
			targetProxy = BFC5DD8B2739E29600A0C36F /* PBXContainerItemProxy */;
		};
		BFC5DD972739E29600A0C36F /* PBXTargetDependency */ = {
			isa = PBXTargetDependency;
			target = BFC5DD732739E29200A0C36F /* BasicARApp */;
			targetProxy = BFC5DD962739E29600A0C36F /* PBXContainerItemProxy */;
		};
/* End PBXTargetDependency section */

/* Begin PBXVariantGroup section */
		BFC5DD7D2739E29300A0C36F /* Main.storyboard */ = {
			isa = PBXVariantGroup;
			children = (
				BFC5DD7E2739E29300A0C36F /* Base */,
			);
			name = Main.storyboard;
			sourceTree = "<group>";
		};
		BFC5DD822739E29500A0C36F /* LaunchScreen.storyboard */ = {
			isa = PBXVariantGroup;
			children = (
				BFC5DD832739E29500A0C36F /* Base */,
			);
			name = LaunchScreen.storyboard;
			sourceTree = "<group>";
		};
/* End PBXVariantGroup section */

/* Begin XCBuildConfiguration section */
		BFC5DD9C2739E29600A0C36F /* Debug */ = {
			isa = XCBuildConfiguration;
			buildSettings = {
				ALWAYS_SEARCH_USER_PATHS = NO;
				CLANG_ANALYZER_NONNULL = YES;
				CLANG_ANALYZER_NUMBER_OBJECT_CONVERSION = YES_AGGRESSIVE;
				CLANG_CXX_LANGUAGE_STANDARD = "gnu++14";
				CLANG_CXX_LIBRARY = "libc++";
				CLANG_ENABLE_MODULES = YES;
				CLANG_ENABLE_OBJC_ARC = YES;
				CLANG_ENABLE_OBJC_WEAK = YES;
				CLANG_WARN_BLOCK_CAPTURE_AUTORELEASING = YES;
				CLANG_WARN_BOOL_CONVERSION = YES;
				CLANG_WARN_COMMA = YES;
				CLANG_WARN_CONSTANT_CONVERSION = YES;
				CLANG_WARN_DEPRECATED_OBJC_IMPLEMENTATIONS = YES;
				CLANG_WARN_DIRECT_OBJC_ISA_USAGE = YES_ERROR;
				CLANG_WARN_DOCUMENTATION_COMMENTS = YES;
				CLANG_WARN_EMPTY_BODY = YES;
				CLANG_WARN_ENUM_CONVERSION = YES;
				CLANG_WARN_INFINITE_RECURSION = YES;
				CLANG_WARN_INT_CONVERSION = YES;
				CLANG_WARN_NON_LITERAL_NULL_CONVERSION = YES;
				CLANG_WARN_OBJC_IMPLICIT_RETAIN_SELF = YES;
				CLANG_WARN_OBJC_LITERAL_CONVERSION = YES;
				CLANG_WARN_OBJC_ROOT_CLASS = YES_ERROR;
				CLANG_WARN_QUOTED_INCLUDE_IN_FRAMEWORK_HEADER = YES;
				CLANG_WARN_RANGE_LOOP_ANALYSIS = YES;
				CLANG_WARN_STRICT_PROTOTYPES = YES;
				CLANG_WARN_SUSPICIOUS_MOVE = YES;
				CLANG_WARN_UNGUARDED_AVAILABILITY = YES_AGGRESSIVE;
				CLANG_WARN_UNREACHABLE_CODE = YES;
				CLANG_WARN__DUPLICATE_METHOD_MATCH = YES;
				COPY_PHASE_STRIP = NO;
				DEBUG_INFORMATION_FORMAT = dwarf;
				ENABLE_STRICT_OBJC_MSGSEND = YES;
				ENABLE_TESTABILITY = YES;
				GCC_C_LANGUAGE_STANDARD = gnu11;
				GCC_DYNAMIC_NO_PIC = NO;
				GCC_NO_COMMON_BLOCKS = YES;
				GCC_OPTIMIZATION_LEVEL = 0;
				GCC_PREPROCESSOR_DEFINITIONS = (
					"DEBUG=1",
					"$(inherited)",
				);
				GCC_WARN_64_TO_32_BIT_CONVERSION = YES;
				GCC_WARN_ABOUT_RETURN_TYPE = YES_ERROR;
				GCC_WARN_UNDECLARED_SELECTOR = YES;
				GCC_WARN_UNINITIALIZED_AUTOS = YES_AGGRESSIVE;
				GCC_WARN_UNUSED_FUNCTION = YES;
				GCC_WARN_UNUSED_VARIABLE = YES;
				IPHONEOS_DEPLOYMENT_TARGET = 14.5;
				MTL_ENABLE_DEBUG_INFO = INCLUDE_SOURCE;
				MTL_FAST_MATH = YES;
				ONLY_ACTIVE_ARCH = YES;
				SDKROOT = iphoneos;
				SWIFT_ACTIVE_COMPILATION_CONDITIONS = DEBUG;
				SWIFT_OPTIMIZATION_LEVEL = "-Onone";
			};
			name = Debug;
		};
		BFC5DD9D2739E29600A0C36F /* Release */ = {
			isa = XCBuildConfiguration;
			buildSettings = {
				ALWAYS_SEARCH_USER_PATHS = NO;
				CLANG_ANALYZER_NONNULL = YES;
				CLANG_ANALYZER_NUMBER_OBJECT_CONVERSION = YES_AGGRESSIVE;
				CLANG_CXX_LANGUAGE_STANDARD = "gnu++14";
				CLANG_CXX_LIBRARY = "libc++";
				CLANG_ENABLE_MODULES = YES;
				CLANG_ENABLE_OBJC_ARC = YES;
				CLANG_ENABLE_OBJC_WEAK = YES;
				CLANG_WARN_BLOCK_CAPTURE_AUTORELEASING = YES;
				CLANG_WARN_BOOL_CONVERSION = YES;
				CLANG_WARN_COMMA = YES;
				CLANG_WARN_CONSTANT_CONVERSION = YES;
				CLANG_WARN_DEPRECATED_OBJC_IMPLEMENTATIONS = YES;
				CLANG_WARN_DIRECT_OBJC_ISA_USAGE = YES_ERROR;
				CLANG_WARN_DOCUMENTATION_COMMENTS = YES;
				CLANG_WARN_EMPTY_BODY = YES;
				CLANG_WARN_ENUM_CONVERSION = YES;
				CLANG_WARN_INFINITE_RECURSION = YES;
				CLANG_WARN_INT_CONVERSION = YES;
				CLANG_WARN_NON_LITERAL_NULL_CONVERSION = YES;
				CLANG_WARN_OBJC_IMPLICIT_RETAIN_SELF = YES;
				CLANG_WARN_OBJC_LITERAL_CONVERSION = YES;
				CLANG_WARN_OBJC_ROOT_CLASS = YES_ERROR;
				CLANG_WARN_QUOTED_INCLUDE_IN_FRAMEWORK_HEADER = YES;
				CLANG_WARN_RANGE_LOOP_ANALYSIS = YES;
				CLANG_WARN_STRICT_PROTOTYPES = YES;
				CLANG_WARN_SUSPICIOUS_MOVE = YES;
				CLANG_WARN_UNGUARDED_AVAILABILITY = YES_AGGRESSIVE;
				CLANG_WARN_UNREACHABLE_CODE = YES;
				CLANG_WARN__DUPLICATE_METHOD_MATCH = YES;
				COPY_PHASE_STRIP = NO;
				DEBUG_INFORMATION_FORMAT = "dwarf-with-dsym";
				ENABLE_NS_ASSERTIONS = NO;
				ENABLE_STRICT_OBJC_MSGSEND = YES;
				GCC_C_LANGUAGE_STANDARD = gnu11;
				GCC_NO_COMMON_BLOCKS = YES;
				GCC_WARN_64_TO_32_BIT_CONVERSION = YES;
				GCC_WARN_ABOUT_RETURN_TYPE = YES_ERROR;
				GCC_WARN_UNDECLARED_SELECTOR = YES;
				GCC_WARN_UNINITIALIZED_AUTOS = YES_AGGRESSIVE;
				GCC_WARN_UNUSED_FUNCTION = YES;
				GCC_WARN_UNUSED_VARIABLE = YES;
				IPHONEOS_DEPLOYMENT_TARGET = 14.5;
				MTL_ENABLE_DEBUG_INFO = NO;
				MTL_FAST_MATH = YES;
				SDKROOT = iphoneos;
				SWIFT_COMPILATION_MODE = wholemodule;
				SWIFT_OPTIMIZATION_LEVEL = "-O";
				VALIDATE_PRODUCT = YES;
			};
			name = Release;
		};
		BFC5DD9F2739E29600A0C36F /* Debug */ = {
			isa = XCBuildConfiguration;
			buildSettings = {
				ASSETCATALOG_COMPILER_APPICON_NAME = AppIcon;
				ASSETCATALOG_COMPILER_GLOBAL_ACCENT_COLOR_NAME = AccentColor;
				CODE_SIGN_STYLE = Automatic;
				DEVELOPMENT_TEAM = 42ZAZ3WP45;
				INFOPLIST_FILE = BasicARApp/Info.plist;
				LD_RUNPATH_SEARCH_PATHS = (
					"$(inherited)",
					"@executable_path/Frameworks",
				);
				PRODUCT_BUNDLE_IDENTIFIER = "-3pinapples.BasicARApp";
				PRODUCT_NAME = "$(TARGET_NAME)";
				SWIFT_VERSION = 5.0;
				TARGETED_DEVICE_FAMILY = "1,2";
			};
			name = Debug;
		};
		BFC5DDA02739E29600A0C36F /* Release */ = {
			isa = XCBuildConfiguration;
			buildSettings = {
				ASSETCATALOG_COMPILER_APPICON_NAME = AppIcon;
				ASSETCATALOG_COMPILER_GLOBAL_ACCENT_COLOR_NAME = AccentColor;
				CODE_SIGN_STYLE = Automatic;
				DEVELOPMENT_TEAM = 42ZAZ3WP45;
				INFOPLIST_FILE = BasicARApp/Info.plist;
				LD_RUNPATH_SEARCH_PATHS = (
					"$(inherited)",
					"@executable_path/Frameworks",
				);
				PRODUCT_BUNDLE_IDENTIFIER = "-3pinapples.BasicARApp";
				PRODUCT_NAME = "$(TARGET_NAME)";
				SWIFT_VERSION = 5.0;
				TARGETED_DEVICE_FAMILY = "1,2";
			};
			name = Release;
		};
		BFC5DDA22739E29600A0C36F /* Debug */ = {
			isa = XCBuildConfiguration;
			buildSettings = {
				ALWAYS_EMBED_SWIFT_STANDARD_LIBRARIES = YES;
				BUNDLE_LOADER = "$(TEST_HOST)";
				CODE_SIGN_STYLE = Automatic;
				DEVELOPMENT_TEAM = 42ZAZ3WP45;
				INFOPLIST_FILE = BasicARAppTests/Info.plist;
				IPHONEOS_DEPLOYMENT_TARGET = 14.5;
				LD_RUNPATH_SEARCH_PATHS = (
					"$(inherited)",
					"@executable_path/Frameworks",
					"@loader_path/Frameworks",
				);
				PRODUCT_BUNDLE_IDENTIFIER = "-3pinapples.BasicARAppTests";
				PRODUCT_NAME = "$(TARGET_NAME)";
				SWIFT_VERSION = 5.0;
				TARGETED_DEVICE_FAMILY = "1,2";
				TEST_HOST = "$(BUILT_PRODUCTS_DIR)/BasicARApp.app/BasicARApp";
			};
			name = Debug;
		};
		BFC5DDA32739E29600A0C36F /* Release */ = {
			isa = XCBuildConfiguration;
			buildSettings = {
				ALWAYS_EMBED_SWIFT_STANDARD_LIBRARIES = YES;
				BUNDLE_LOADER = "$(TEST_HOST)";
				CODE_SIGN_STYLE = Automatic;
				DEVELOPMENT_TEAM = 42ZAZ3WP45;
				INFOPLIST_FILE = BasicARAppTests/Info.plist;
				IPHONEOS_DEPLOYMENT_TARGET = 14.5;
				LD_RUNPATH_SEARCH_PATHS = (
					"$(inherited)",
					"@executable_path/Frameworks",
					"@loader_path/Frameworks",
				);
				PRODUCT_BUNDLE_IDENTIFIER = "-3pinapples.BasicARAppTests";
				PRODUCT_NAME = "$(TARGET_NAME)";
				SWIFT_VERSION = 5.0;
				TARGETED_DEVICE_FAMILY = "1,2";
				TEST_HOST = "$(BUILT_PRODUCTS_DIR)/BasicARApp.app/BasicARApp";
			};
			name = Release;
		};
		BFC5DDA52739E29600A0C36F /* Debug */ = {
			isa = XCBuildConfiguration;
			buildSettings = {
				ALWAYS_EMBED_SWIFT_STANDARD_LIBRARIES = YES;
				CODE_SIGN_STYLE = Automatic;
				DEVELOPMENT_TEAM = 42ZAZ3WP45;
				INFOPLIST_FILE = BasicARAppUITests/Info.plist;
				LD_RUNPATH_SEARCH_PATHS = (
					"$(inherited)",
					"@executable_path/Frameworks",
					"@loader_path/Frameworks",
				);
				PRODUCT_BUNDLE_IDENTIFIER = "-3pinapples.BasicARAppUITests";
				PRODUCT_NAME = "$(TARGET_NAME)";
				SWIFT_VERSION = 5.0;
				TARGETED_DEVICE_FAMILY = "1,2";
				TEST_TARGET_NAME = BasicARApp;
			};
			name = Debug;
		};
		BFC5DDA62739E29600A0C36F /* Release */ = {
			isa = XCBuildConfiguration;
			buildSettings = {
				ALWAYS_EMBED_SWIFT_STANDARD_LIBRARIES = YES;
				CODE_SIGN_STYLE = Automatic;
				DEVELOPMENT_TEAM = 42ZAZ3WP45;
				INFOPLIST_FILE = BasicARAppUITests/Info.plist;
				LD_RUNPATH_SEARCH_PATHS = (
					"$(inherited)",
					"@executable_path/Frameworks",
					"@loader_path/Frameworks",
				);
				PRODUCT_BUNDLE_IDENTIFIER = "-3pinapples.BasicARAppUITests";
				PRODUCT_NAME = "$(TARGET_NAME)";
				SWIFT_VERSION = 5.0;
				TARGETED_DEVICE_FAMILY = "1,2";
				TEST_TARGET_NAME = BasicARApp;
			};
			name = Release;
		};
/* End XCBuildConfiguration section */

/* Begin XCConfigurationList section */
		BFC5DD6F2739E29200A0C36F /* Build configuration list for PBXProject "BasicARApp" */ = {
			isa = XCConfigurationList;
			buildConfigurations = (
				BFC5DD9C2739E29600A0C36F /* Debug */,
				BFC5DD9D2739E29600A0C36F /* Release */,
			);
			defaultConfigurationIsVisible = 0;
			defaultConfigurationName = Release;
		};
		BFC5DD9E2739E29600A0C36F /* Build configuration list for PBXNativeTarget "BasicARApp" */ = {
			isa = XCConfigurationList;
			buildConfigurations = (
				BFC5DD9F2739E29600A0C36F /* Debug */,
				BFC5DDA02739E29600A0C36F /* Release */,
			);
			defaultConfigurationIsVisible = 0;
			defaultConfigurationName = Release;
		};
		BFC5DDA12739E29600A0C36F /* Build configuration list for PBXNativeTarget "BasicARAppTests" */ = {
			isa = XCConfigurationList;
			buildConfigurations = (
				BFC5DDA22739E29600A0C36F /* Debug */,
				BFC5DDA32739E29600A0C36F /* Release */,
			);
			defaultConfigurationIsVisible = 0;
			defaultConfigurationName = Release;
		};
		BFC5DDA42739E29600A0C36F /* Build configuration list for PBXNativeTarget "BasicARAppUITests" */ = {
			isa = XCConfigurationList;
			buildConfigurations = (
				BFC5DDA52739E29600A0C36F /* Debug */,
				BFC5DDA62739E29600A0C36F /* Release */,
			);
			defaultConfigurationIsVisible = 0;
			defaultConfigurationName = Release;
		};
/* End XCConfigurationList section */
	};
	rootObject = BFC5DD6C2739E29200A0C36F /* Project object */;
}
